# THIS IS AN AUTOGENERATED FILE. DO NOT EDIT THIS FILE DIRECTLY.
# yarn lockfile v1


vant-weapp@^0.5.10:
  version "0.5.10"
  resolved "https://registry.yarnpkg.com/vant-weapp/-/vant-weapp-0.5.10.tgz#396f43c5636959c4c70c07ed277ee9947131e185"
  integrity sha512-JO7TGEps/e3jrcRo1g+JZ+IyvGymgMVUrlJT0Jb2uf8he2mokskQehJWFKg0rzcuuQWPSfca73k59MTaOkQlmQ==
